Microsoft Visual Studio Solution File, Format Version 12.00
# Visual Studio Version 17
VisualStudioVersion = 17.5.2.0
MinimumVisualStudioVersion = 10.0.40219.1
Project("{FAE04EC0-301F-11D3-BF4B-00C04F79EFBC}") = "MeuCurriculo", "MeuCurriculo\MeuCurriculo.csproj", "{A5D0F831-55EB-055A-E1F4-9E6ECE74FAF7}"
EndProject
Global
	GlobalSection(SolutionConfigurationPlatforms) = preSolution
		Debug|Any CPU = Debug|Any CPU
		Release|Any CPU = Release|Any CPU
	EndGlobalSection
	GlobalSection(ProjectConfigurationPlatforms) = postSolution
		{A5D0F831-55EB-055A-E1F4-9E6ECE74FAF7}.Debug|Any CPU.ActiveCfg = Debug|Any CPU
		{A5D0F831-55EB-055A-E1F4-9E6ECE74FAF7}.Debug|Any CPU.Build.0 = Debug|Any CPU
		{A5D0F831-55EB-055A-E1F4-9E6ECE74FAF7}.Release|Any CPU.ActiveCfg = Release|Any CPU
		{A5D0F831-55EB-055A-E1F4-9E6ECE74FAF7}.Release|Any CPU.Build.0 = Release|Any CPU
	EndGlobalSection
	GlobalSection(SolutionProperties) = preSolution
		HideSolutionNode = FALSE
	EndGlobalSection
	GlobalSection(ExtensibilityGlobals) = postSolution
		SolutionGuid = {CCB974B5-31AF-48DD-B8CA-33FF73BF5DEF}
	EndGlobalSection
EndGlobal
